<?xml version="1.0" encoding="utf-8"?>
<Project ToolsVersion="4.0" xmlns="http://schemas.microsoft.com/developer/msbuild/2003">
  <ItemGroup>
    <Manifest Include="settings.manifest" />
  </ItemGroup>
  <ItemGroup>
    <ClCompile Include="Systems\BoundarySystem.cpp" />
    <ClCompile Include="Systems\BulletSpawnerSystem.cpp" />
    <ClCompile Include="Audio\AudioManager.cpp" />
    <ClCompile Include="camera.cpp" />
    <ClCompile Include="Camera2D.cpp" />
    <ClCompile Include="CMOGO.cpp" />
    <ClCompile Include="Systems\ColliderMovementSystem.cpp" />
    <ClCompile Include="Systems\CollisionResolutionSystem.cpp" />
    <ClCompile Include="Systems\CollisionSystem.cpp" />
    <ClCompile Include="ECS.cpp" />
    <ClCompile Include="Systems\HealthSystem.cpp" />
    <ClCompile Include="Systems\HUDImageRendererSystem.cpp" />
    <ClCompile Include="Systems\HUDTextRendererSystem.cpp" />
    <ClCompile Include="Systems\InputSystem.cpp" />
    <ClCompile Include="InRangeTrigger.cpp" />
    <ClCompile Include="Systems\LifetimeSystem.cpp" />
    <ClCompile Include="Systems\MoveForwardSystem.cpp" />
    <ClCompile Include="Systems\MovementSystem.cpp" />
    <ClCompile Include="Systems\MoveTowardSystem.cpp" />
    <ClCompile Include="Systems\PhysicsSystem.cpp" />
    <ClCompile Include="Managers\EntityManager.cpp" />
    <ClCompile Include="fileVBGO.cpp" />
    <ClCompile Include="imgui.cpp" />
    <ClCompile Include="imgui_demo.cpp" />
    <ClCompile Include="imgui_draw.cpp" />
    <ClCompile Include="imgui_impl_dx11.cpp" />
    <ClCompile Include="imgui_impl_win32.cpp" />
    <ClCompile Include="imgui_tables.cpp" />
    <ClCompile Include="imgui_widgets.cpp" />
    <ClCompile Include="Controllers\PlayerController.cpp" />
    <ClCompile Include="Systems\RotateTowardSystem.cpp" />
    <ClCompile Include="Systems\RotationSystem.cpp" />
    <ClCompile Include="ScarleGame.cpp" />
    <ClCompile Include="gameobject.cpp" />
    <ClCompile Include="GameObject2D.cpp" />
    <ClCompile Include="ImageGO2D.cpp" />
    <ClCompile Include="light.cpp" />
    <ClCompile Include="Loop.cpp" />
    <ClCompile Include="Initialize.cpp" />
    <ClCompile Include="MarchCubes.cpp" />
    <ClCompile Include="pch.cpp" />
    <ClCompile Include="Player.cpp" />
    <ClCompile Include="RenderTarget.cpp" />
    <ClCompile Include="Audio\Sound.cpp" />
    <ClCompile Include="Systems\SpriteAnimRendererSystem.cpp" />
    <ClCompile Include="Systems\SpriteRendererSystem.cpp" />
    <ClCompile Include="Systems\TargetingSystem.cpp" />
    <ClCompile Include="Terrain.cpp" />
    <ClCompile Include="Audio\TestSound.cpp" />
    <ClCompile Include="TextGO2D.cpp" />
    <ClCompile Include="Systems\TextRendererSystem.cpp" />
    <ClCompile Include="TPSCamera.cpp" />
    <ClCompile Include="Tree.cpp" />
    <ClCompile Include="treebit.cpp" />
    <ClCompile Include="VBCube.cpp" />
    <ClCompile Include="VBGO.cpp" />
    <ClCompile Include="VBSnail.cpp" />
    <ClCompile Include="OOP\IPlayer.cpp" />
    <ClCompile Include="OOP\DefaultPlayer.cpp" />
    <ClCompile Include="Systems\HealthBarSystem.cpp" />
    <ClCompile Include="Systems\EnvironmentSpawnSystem.cpp" />
    <ClCompile Include="Systems\StagedBehaviourSystem.cpp" />
    <ClCompile Include="Systems\FireControlSystem.cpp" />
    <ClCompile Include="Systems\FiringModeSystem.cpp" />
    <ClCompile Include="Systems\FixedShootingPointSystem.cpp" />
    <ClCompile Include="Systems\ADSpawnerSystem.cpp" />
    <ClCompile Include="Systems\NoEnemiesWinSystem.cpp" />
  </ItemGroup>
  <ItemGroup>
    <ClInclude Include="BoundaryEvent.h" />
    <ClInclude Include="Systems\BoundarySystem.h" />
    <ClInclude Include="Systems\BulletSpawnerSystem.h" />
    <ClInclude Include="Data\ButtonData.h" />
    <ClInclude Include="Audio\AudioManager.hpp" />
    <ClInclude Include="camera.h" />
    <ClInclude Include="Camera2D.h" />
    <ClInclude Include="CMOGO.h" />
    <ClInclude Include="Systems\ColliderMovementSystem.h" />
    <ClInclude Include="Systems\CollisionResolutionSystem.h" />
    <ClInclude Include="Systems\CollisionSystem.h" />
    <ClInclude Include="CollisionEvent.h" />
    <ClInclude Include="Components\ComponentArray.h" />
    <ClInclude Include="Managers\ComponentManager.h" />
    <ClInclude Include="ConstantBuffer.h" />
    <ClInclude Include="Data\DrawData.h" />
    <ClInclude Include="Data\DrawData2D.h" />
    <ClInclude Include="ECS.h" />
    <ClInclude Include="ECSDefinitions.h" />
    <ClInclude Include="EventBus.h" />
    <ClInclude Include="Data\HealthData.h" />
    <ClInclude Include="Systems\HealthSystem.h" />
    <ClInclude Include="Components\HUDImageComponent.h" />
    <ClInclude Include="Systems\HUDImageRendererSystem.h" />
    <ClInclude Include="Components\HUDTextComponent.h" />
    <ClInclude Include="Systems\HUDTextRendererSystem.h" />
    <ClInclude Include="IEvent.h" />
    <ClInclude Include="IFunctionHandler.h" />
    <ClInclude Include="Data\InputData.h" />
    <ClInclude Include="Systems\InputSystem.h" />
    <ClInclude Include="InRangeTrigger.h" />
    <ClInclude Include="IRenderer.h" />
    <ClInclude Include="Data\LifetimeData.h" />
    <ClInclude Include="Systems\LifetimeSystem.h" />
    <ClInclude Include="MemberFunctionHandler.h" />
    <ClInclude Include="Data\MoveData.h" />
    <ClInclude Include="Systems\MoveForwardSystem.h" />
    <ClInclude Include="Systems\MovementSystem.h" />
    <ClInclude Include="Systems\MoveTowardSystem.h" />
    <ClInclude Include="Components\PhysicsComponents.h" />
    <ClInclude Include="Systems\PhysicsSystem.h" />
    <ClInclude Include="Managers\EntityManager.h" />
    <ClInclude Include="fileVBGO.h" />
    <ClInclude Include="imconfig.h" />
    <ClInclude Include="imgui.h" />
    <ClInclude Include="imgui_impl_dx11.h" />
    <ClInclude Include="imgui_impl_win32.h" />
    <ClInclude Include="imgui_internal.h" />
    <ClInclude Include="imstb_rectpack.h" />
    <ClInclude Include="imstb_textedit.h" />
    <ClInclude Include="imstb_truetype.h" />
    <ClInclude Include="Initialize.h" />
    <ClInclude Include="Data\BulletData.h" />
    <ClInclude Include="Controllers\PlayerController.h" />
    <ClInclude Include="Systems\RotateTowardSystem.h" />
    <ClInclude Include="Data\RotationData.h" />
    <ClInclude Include="Systems\RotationSystem.h" />
    <ClInclude Include="Scarle2020.h" />
    <ClInclude Include="ScarleGame.h" />
    <ClInclude Include="Data\GameData.h" />
    <ClInclude Include="gameobject.h" />
    <ClInclude Include="GameObject2D.h" />
    <ClInclude Include="GameState.h" />
    <ClInclude Include="Helper.h" />
    <ClInclude Include="ImageGO2D.h" />
    <ClInclude Include="Light.h" />
    <ClInclude Include="Loop.h" />
    <ClInclude Include="MarchCubes.h" />
    <ClInclude Include="ObjectList.h" />
    <ClInclude Include="pch.h" />
    <ClInclude Include="Player.h" />
    <ClInclude Include="RenderTarget.h" />
    <ClInclude Include="Audio\Sound.h" />
    <ClInclude Include="Components\SpriteAnimComponent.h" />
    <ClInclude Include="Systems\SpriteAnimRendererSystem.h" />
    <ClInclude Include="Components\SpriteComponent.h" />
    <ClInclude Include="Systems\SpriteRendererSystem.h" />
    <ClInclude Include="StepTimer.h" />
    <ClInclude Include="System.h" />
    <ClInclude Include="Managers\SystemManager.h" />
    <ClInclude Include="Tags.h" />
    <ClInclude Include="Systems\TargetingSystem.h" />
    <ClInclude Include="Terrain.h" />
    <ClInclude Include="Audio\TestSound.h" />
    <ClInclude Include="TextGO2D.h" />
    <ClInclude Include="Components\TextRenderComponent.h" />
    <ClInclude Include="Systems\TextRendererSystem.h" />
    <ClInclude Include="ThirdParty\yaml-cpp\anchor.h" />
    <ClInclude Include="ThirdParty\yaml-cpp\binary.h" />
    <ClInclude Include="ThirdParty\yaml-cpp\contrib\anchordict.h" />
    <ClInclude Include="ThirdParty\yaml-cpp\contrib\graphbuilder.h" />
    <ClInclude Include="ThirdParty\yaml-cpp\depthguard.h" />
    <ClInclude Include="ThirdParty\yaml-cpp\dll.h" />
    <ClInclude Include="ThirdParty\yaml-cpp\emitfromevents.h" />
    <ClInclude Include="ThirdParty\yaml-cpp\emitter.h" />
    <ClInclude Include="ThirdParty\yaml-cpp\emitterdef.h" />
    <ClInclude Include="ThirdParty\yaml-cpp\emittermanip.h" />
    <ClInclude Include="ThirdParty\yaml-cpp\emitterstyle.h" />
    <ClInclude Include="ThirdParty\yaml-cpp\eventhandler.h" />
    <ClInclude Include="ThirdParty\yaml-cpp\exceptions.h" />
    <ClInclude Include="ThirdParty\yaml-cpp\include\anchor.h" />
    <ClInclude Include="ThirdParty\yaml-cpp\include\binary.h" />
    <ClInclude Include="ThirdParty\yaml-cpp\include\contrib\anchordict.h" />
    <ClInclude Include="ThirdParty\yaml-cpp\include\contrib\graphbuilder.h" />
    <ClInclude Include="ThirdParty\yaml-cpp\include\depthguard.h" />
    <ClInclude Include="ThirdParty\yaml-cpp\include\dll.h" />
    <ClInclude Include="ThirdParty\yaml-cpp\include\emitfromevents.h" />
    <ClInclude Include="ThirdParty\yaml-cpp\include\emitter.h" />
    <ClInclude Include="ThirdParty\yaml-cpp\include\emitterdef.h" />
    <ClInclude Include="ThirdParty\yaml-cpp\include\emittermanip.h" />
    <ClInclude Include="ThirdParty\yaml-cpp\include\emitterstyle.h" />
    <ClInclude Include="ThirdParty\yaml-cpp\include\eventhandler.h" />
    <ClInclude Include="ThirdParty\yaml-cpp\include\exceptions.h" />
    <ClInclude Include="ThirdParty\yaml-cpp\include\mark.h" />
    <ClInclude Include="ThirdParty\yaml-cpp\include\node\convert.h" />
    <ClInclude Include="ThirdParty\yaml-cpp\include\node\detail\impl.h" />
    <ClInclude Include="ThirdParty\yaml-cpp\include\node\detail\iterator.h" />
    <ClInclude Include="ThirdParty\yaml-cpp\include\node\detail\iterator_fwd.h" />
    <ClInclude Include="ThirdParty\yaml-cpp\include\node\detail\memory.h" />
    <ClInclude Include="ThirdParty\yaml-cpp\include\node\detail\node.h" />
    <ClInclude Include="ThirdParty\yaml-cpp\include\node\detail\node_data.h" />
    <ClInclude Include="ThirdParty\yaml-cpp\include\node\detail\node_iterator.h" />
    <ClInclude Include="ThirdParty\yaml-cpp\include\node\detail\node_ref.h" />
    <ClInclude Include="ThirdParty\yaml-cpp\include\node\emit.h" />
    <ClInclude Include="ThirdParty\yaml-cpp\include\node\impl.h" />
    <ClInclude Include="ThirdParty\yaml-cpp\include\node\iterator.h" />
    <ClInclude Include="ThirdParty\yaml-cpp\include\node\node.h" />
    <ClInclude Include="ThirdParty\yaml-cpp\include\node\parse.h" />
    <ClInclude Include="ThirdParty\yaml-cpp\include\node\ptr.h" />
    <ClInclude Include="ThirdParty\yaml-cpp\include\node\type.h" />
    <ClInclude Include="ThirdParty\yaml-cpp\include\noexcept.h" />
    <ClInclude Include="ThirdParty\yaml-cpp\include\null.h" />
    <ClInclude Include="ThirdParty\yaml-cpp\include\ostream_wrapper.h" />
    <ClInclude Include="ThirdParty\yaml-cpp\include\parser.h" />
    <ClInclude Include="ThirdParty\yaml-cpp\include\stlemitter.h" />
    <ClInclude Include="ThirdParty\yaml-cpp\include\traits.h" />
    <ClInclude Include="ThirdParty\yaml-cpp\include\yaml.h" />
    <ClInclude Include="ThirdParty\yaml-cpp\mark.h" />
    <ClInclude Include="ThirdParty\yaml-cpp\node\convert.h" />
    <ClInclude Include="ThirdParty\yaml-cpp\node\detail\impl.h" />
    <ClInclude Include="ThirdParty\yaml-cpp\node\detail\iterator.h" />
    <ClInclude Include="ThirdParty\yaml-cpp\node\detail\iterator_fwd.h" />
    <ClInclude Include="ThirdParty\yaml-cpp\node\detail\memory.h" />
    <ClInclude Include="ThirdParty\yaml-cpp\node\detail\node.h" />
    <ClInclude Include="ThirdParty\yaml-cpp\node\detail\node_data.h" />
    <ClInclude Include="ThirdParty\yaml-cpp\node\detail\node_iterator.h" />
    <ClInclude Include="ThirdParty\yaml-cpp\node\detail\node_ref.h" />
    <ClInclude Include="ThirdParty\yaml-cpp\node\emit.h" />
    <ClInclude Include="ThirdParty\yaml-cpp\node\impl.h" />
    <ClInclude Include="ThirdParty\yaml-cpp\node\iterator.h" />
    <ClInclude Include="ThirdParty\yaml-cpp\node\node.h" />
    <ClInclude Include="ThirdParty\yaml-cpp\node\parse.h" />
    <ClInclude Include="ThirdParty\yaml-cpp\node\ptr.h" />
    <ClInclude Include="ThirdParty\yaml-cpp\node\type.h" />
    <ClInclude Include="ThirdParty\yaml-cpp\noexcept.h" />
    <ClInclude Include="ThirdParty\yaml-cpp\null.h" />
    <ClInclude Include="ThirdParty\yaml-cpp\ostream_wrapper.h" />
    <ClInclude Include="ThirdParty\yaml-cpp\parser.h" />
    <ClInclude Include="ThirdParty\yaml-cpp\stlemitter.h" />
    <ClInclude Include="ThirdParty\yaml-cpp\traits.h" />
    <ClInclude Include="ThirdParty\yaml-cpp\yaml.h" />
    <ClInclude Include="TPSCamera.h" />
    <ClInclude Include="Data\TargetData.h" />
    <ClInclude Include="Components\TransformComponent.h" />
    <ClInclude Include="Tree.h" />
    <ClInclude Include="TreeBit.h" />
    <ClInclude Include="VBCube.h" />
    <ClInclude Include="VBGO.h" />
    <ClInclude Include="VBPillow.h" />
    <ClInclude Include="VBSnail.h" />
    <ClInclude Include="VBspiral.h" />
    <ClInclude Include="vertex.h" />
    <ClInclude Include="Data\EnemySpawnerData.h" />
    <ClInclude Include="GameEvent.h" />
    <ClInclude Include="Components\BulletParentComponent.h" />
    <ClInclude Include="GlobalFunctionHandler.h" />
    <ClInclude Include="OOP\IPlayer.h" />
    <ClInclude Include="OOP\DefaultPlayer.h" />
    <ClInclude Include="Components\HealthBarComponent.h" />
    <ClInclude Include="Systems\HealthBarSystem.h" />
    <ClInclude Include="Components\BoundComponent.h" />
    <ClInclude Include="Components\BulletDamageComponent.h" />
    <ClInclude Include="Data\TagData.h" />
    <ClInclude Include="Systems\EnvironmentSpawnSystem.h" />
    <ClInclude Include="Data\EnvironmentTag.h" />
    <ClInclude Include="Data\Box2DColliderData.h" />
    <ClInclude Include="Data\Box2DColliderData.h" />
    <ClInclude Include="PowerUpData.h" />
    <ClInclude Include="BehaviourDefinitions.h" />
    <ClInclude Include="Components\StagedBehaviourComponent.h" />
    <ClInclude Include="Systems\StagedBehaviourSystem.h" />
    <ClInclude Include="Systems\FireControlSystem.h" />
    <ClInclude Include="Components\FiringModesComponent.h" />
    <ClInclude Include="Systems\FiringModeSystem.h" />
    <ClInclude Include="Components\FixedShootingPointComponent.h" />
    <ClInclude Include="Systems\FixedShootingPointSystem.h" />
    <ClInclude Include="Components\ADSpawnerComponent.h" />
    <ClInclude Include="Systems\ADSpawnerSystem.h" />
    <ClInclude Include="Systems\NoEnemiesWinSystem.h" />
  </ItemGroup>
  <ItemGroup>
    <ResourceCompile Include="resource.rc" />
  </ItemGroup>
  <ItemGroup>
    <Image Include="directx.ico" />
  </ItemGroup>
</Project>